
Microsoft Visual Studio Solution File, Format Version 12.00
# Visual Studio Version 17
VisualStudioVersion = 17.0.31903.59
MinimumVisualStudioVersion = 10.0.40219.1
Project("{2150E333-8FDC-42A3-9474-1A3956D46DE8}") = "src", "src", "{B1E61613-59A4-4D58-8AAD-DE14D693A271}"
EndProject
Project("{FAE04EC0-301F-11D3-BF4B-00C04F79EFBC}") = "MeBlazor.Web", "src\MeBlazor.Web\MeBlazor.Web.csproj", "{D4FB6EB5-A5C3-4CBD-81F1-13FA6F8EC559}"
EndProject
Global
	GlobalSection(SolutionConfigurationPlatforms) = preSolution
		Debug|Any CPU = Debug|Any CPU
		Release|Any CPU = Release|Any CPU
	EndGlobalSection
	GlobalSection(SolutionProperties) = preSolution
		HideSolutionNode = FALSE
	EndGlobalSection
	GlobalSection(ProjectConfigurationPlatforms) = postSolution
		{D4FB6EB5-A5C3-4CBD-81F1-13FA6F8EC559}.Debug|Any CPU.ActiveCfg = Debug|Any CPU
		{D4FB6EB5-A5C3-4CBD-81F1-13FA6F8EC559}.Debug|Any CPU.Build.0 = Debug|Any CPU
		{D4FB6EB5-A5C3-4CBD-81F1-13FA6F8EC559}.Release|Any CPU.ActiveCfg = Release|Any CPU
		{D4FB6EB5-A5C3-4CBD-81F1-13FA6F8EC559}.Release|Any CPU.Build.0 = Release|Any CPU
	EndGlobalSection
	GlobalSection(NestedProjects) = preSolution
		{D4FB6EB5-A5C3-4CBD-81F1-13FA6F8EC559} = {B1E61613-59A4-4D58-8AAD-DE14D693A271}
	EndGlobalSection
EndGlobal
